{
  "object": {
    "pins": [
      {
        "package": "AWSSDKSwiftCore",
        "repositoryURL": "https://github.com/swift-aws/aws-sdk-swift-core.git",
        "state": {
          "branch": "nio2.0",
          "revision": "f0feeee09a149d97b923ad6568d73d526b1286fa",
          "version": null
        }
      },
      {
        "package": "HypertextApplicationLanguage",
        "repositoryURL": "https://github.com/Yasumoto/HypertextApplicationLanguage.git",
        "state": {
          "branch": null,
          "revision": "2302002502fe573494577cc6e8df686e385519f8",
          "version": "1.1.0"
        }
      },
      {
        "package": "INIParser",
        "repositoryURL": "https://github.com/PerfectlySoft/Perfect-INIParser.git",
        "state": {
          "branch": null,
          "revision": "0952aac9ca54324ff25191569fd9c48eec424772",
          "version": "3.0.2"
        }
      },
      {
        "package": "swift-nio",
        "repositoryURL": "https://github.com/apple/swift-nio.git",
        "state": {
          "branch": null,
          "revision": "7f20464df31e85f86bedf4a8afdd1785e0cb5059",
          "version": "2.3.0"
        }
      },
      {
        "package": "swift-nio-ssl",
        "repositoryURL": "https://github.com/apple/swift-nio-ssl.git",
        "state": {
          "branch": null,
          "revision": "77173ac9038e8e9b92f3efe8780923447e3c890b",
          "version": "2.1.1"
        }
      },
      {
        "package": "SwiftyJSON",
        "repositoryURL": "https://github.com/SwiftyJSON/SwiftyJSON.git",
        "state": {
          "branch": null,
          "revision": "2b6054efa051565954e1d2b9da831680026cd768",
          "version": "4.3.0"
        }
      }
    ]
  },
  "version": 1
}
