{
  "object": {
    "pins": [
      {
        "package": "AWSSDKSwiftCore",
        "repositoryURL": "https://github.com/noppoMan/aws-sdk-swift-core.git",
        "state": {
          "branch": null,
          "revision": "48298a7bec6c838553f314cb48c81f2a363e8253",
          "version": "1.0.10"
        }
      },
      {
        "package": "CHTTPParser",
        "repositoryURL": "https://github.com/Zewo/CHTTPParser.git",
        "state": {
          "branch": null,
          "revision": "88306ab33bb316b2eedd39c90f4be8f4ebf65a11",
          "version": "0.14.0"
        }
      },
      {
        "package": "CLibreSSL",
        "repositoryURL": "https://github.com/vapor/clibressl.git",
        "state": {
          "branch": null,
          "revision": "23ddb296981d17a8ee6c7418742a40cad5d2f9d0",
          "version": "1.0.0"
        }
      },
      {
        "package": "HypertextApplicationLanguage",
        "repositoryURL": "https://github.com/noppoMan/HypertextApplicationLanguage.git",
        "state": {
          "branch": null,
          "revision": "e6216c13fd510e31e70e6f409936f1a656db1f33",
          "version": "1.0.1"
        }
      },
      {
        "package": "Prorsum",
        "repositoryURL": "https://github.com/noppoMan/Prorsum.git",
        "state": {
          "branch": null,
          "revision": "b278e88142a3b5a87feabc44b6522dabfcda8f99",
          "version": "0.3.3"
        }
      },
      {
        "package": "ProrsumNet",
        "repositoryURL": "https://github.com/noppoman/ProrsumNet.git",
        "state": {
          "branch": null,
          "revision": "941e0c65df620467130e9eb2496a3c1275c1d307",
          "version": "0.1.3"
        }
      },
      {
        "package": "SwiftyJSON",
        "repositoryURL": "https://github.com/IBM-Swift/SwiftyJSON.git",
        "state": {
          "branch": null,
          "revision": "7eb6c83f91c519c19e6a507d604c9176d5ae5b15",
          "version": "17.0.1"
        }
      }
    ]
  },
  "version": 1
}
