{
  "object": {
    "pins": [
      {
        "package": "hummingbird-mustache",
        "repositoryURL": "https://github.com/hummingbird-project/hummingbird-mustache.git",
        "state": {
          "branch": null,
          "revision": "c65a7956c8db0b8fddacc2f7b23283c47623cc52",
          "version": "0.6.1"
        }
      },
      {
        "package": "swift-argument-parser",
        "repositoryURL": "https://github.com/apple/swift-argument-parser.git",
        "state": {
          "branch": null,
          "revision": "986d191f94cec88f6350056da59c2e59e83d1229",
          "version": "0.4.3"
        }
      },
      {
        "package": "SwiftFormat",
        "repositoryURL": "https://github.com/nicklockwood/SwiftFormat.git",
        "state": {
          "branch": null,
          "revision": "94630559a4f60be5f043229e367d8d98247fd890",
          "version": "0.47.13"
        }
      }
    ]
  },
  "version": 1
}
